// !$*UTF8*$!
{
	archiveVersion = 1;
	classes = {
	};
	objectVersion = 50;
	objects = {

/* Begin PBXBuildFile section */
		5EE5DF3D26455E00001F20CF /* AppDelegate.swift in Sources */ = {isa = PBXBuildFile; fileRef = 5EE5DF3C26455E00001F20CF /* AppDelegate.swift */; };
		5EE5DF3F26455E00001F20CF /* SceneDelegate.swift in Sources */ = {isa = PBXBuildFile; fileRef = 5EE5DF3E26455E00001F20CF /* SceneDelegate.swift */; };
		5EE5DF4626455E02001F20CF /* Assets.xcassets in Resources */ = {isa = PBXBuildFile; fileRef = 5EE5DF4526455E02001F20CF /* Assets.xcassets */; };
		5EE5DF4926455E02001F20CF /* LaunchScreen.storyboard in Resources */ = {isa = PBXBuildFile; fileRef = 5EE5DF4726455E02001F20CF /* LaunchScreen.storyboard */; };
		5EE5DF5126456A7C001F20CF /* SearchVC.swift in Sources */ = {isa = PBXBuildFile; fileRef = 5EE5DF5026456A7C001F20CF /* SearchVC.swift */; };
		5EE5DF5326456AA1001F20CF /* FavoritesListVC.swift in Sources */ = {isa = PBXBuildFile; fileRef = 5EE5DF5226456AA1001F20CF /* FavoritesListVC.swift */; };
		5EE5DF552646D21D001F20CF /* GFButton.swift in Sources */ = {isa = PBXBuildFile; fileRef = 5EE5DF542646D21C001F20CF /* GFButton.swift */; };
		5EE5DF572646E23F001F20CF /* GFTextField.swift in Sources */ = {isa = PBXBuildFile; fileRef = 5EE5DF562646E23F001F20CF /* GFTextField.swift */; };
		5EE5DF5926483939001F20CF /* FollowerListVC.swift in Sources */ = {isa = PBXBuildFile; fileRef = 5EE5DF5826483939001F20CF /* FollowerListVC.swift */; };
		5EE5DF5B264974BC001F20CF /* GFTitleLabel.swift in Sources */ = {isa = PBXBuildFile; fileRef = 5EE5DF5A264974BC001F20CF /* GFTitleLabel.swift */; };
		5EE5DF5D264976E5001F20CF /* GFBodyLabel.swift in Sources */ = {isa = PBXBuildFile; fileRef = 5EE5DF5C264976E5001F20CF /* GFBodyLabel.swift */; };
		5EE5DF5F26497BA3001F20CF /* GFAlertVC.swift in Sources */ = {isa = PBXBuildFile; fileRef = 5EE5DF5E26497BA3001F20CF /* GFAlertVC.swift */; };
		5EE5DF6126498D0D001F20CF /* UIViewController+Ext.swift in Sources */ = {isa = PBXBuildFile; fileRef = 5EE5DF6026498D0D001F20CF /* UIViewController+Ext.swift */; };
		5EE5DF6726499758001F20CF /* GFAlertContainer.swift in Sources */ = {isa = PBXBuildFile; fileRef = 5EE5DF6626499758001F20CF /* GFAlertContainer.swift */; };
		5EE5DF6A26499B78001F20CF /* Follower.swift in Sources */ = {isa = PBXBuildFile; fileRef = 5EE5DF6926499B78001F20CF /* Follower.swift */; };
		5EE5DF6C26499BA4001F20CF /* User.swift in Sources */ = {isa = PBXBuildFile; fileRef = 5EE5DF6B26499BA4001F20CF /* User.swift */; };
		5EE5DF6F2649B4B2001F20CF /* NetworkManager.swift in Sources */ = {isa = PBXBuildFile; fileRef = 5EE5DF6E2649B4B2001F20CF /* NetworkManager.swift */; };
		5EE5DF72264B3B61001F20CF /* ErrorMessage.swift in Sources */ = {isa = PBXBuildFile; fileRef = 5EE5DF71264B3B60001F20CF /* ErrorMessage.swift */; };
/* End PBXBuildFile section */

/* Begin PBXFileReference section */
		5EE5DF3926455E00001F20CF /* GitHubFollowers.app */ = {isa = PBXFileReference; explicitFileType = wrapper.application; includeInIndex = 0; path = GitHubFollowers.app; sourceTree = BUILT_PRODUCTS_DIR; };
		5EE5DF3C26455E00001F20CF /* AppDelegate.swift */ = {isa = PBXFileReference; lastKnownFileType = sourcecode.swift; path = AppDelegate.swift; sourceTree = "<group>"; };
		5EE5DF3E26455E00001F20CF /* SceneDelegate.swift */ = {isa = PBXFileReference; lastKnownFileType = sourcecode.swift; path = SceneDelegate.swift; sourceTree = "<group>"; };
		5EE5DF4526455E02001F20CF /* Assets.xcassets */ = {isa = PBXFileReference; lastKnownFileType = folder.assetcatalog; path = Assets.xcassets; sourceTree = "<group>"; };
		5EE5DF4826455E02001F20CF /* Base */ = {isa = PBXFileReference; lastKnownFileType = file.storyboard; name = Base; path = Base.lproj/LaunchScreen.storyboard; sourceTree = "<group>"; };
		5EE5DF4A26455E02001F20CF /* Info.plist */ = {isa = PBXFileReference; lastKnownFileType = text.plist.xml; path = Info.plist; sourceTree = "<group>"; };
		5EE5DF5026456A7C001F20CF /* SearchVC.swift */ = {isa = PBXFileReference; lastKnownFileType = sourcecode.swift; path = SearchVC.swift; sourceTree = "<group>"; };
		5EE5DF5226456AA1001F20CF /* FavoritesListVC.swift */ = {isa = PBXFileReference; lastKnownFileType = sourcecode.swift; path = FavoritesListVC.swift; sourceTree = "<group>"; };
		5EE5DF542646D21C001F20CF /* GFButton.swift */ = {isa = PBXFileReference; lastKnownFileType = sourcecode.swift; path = GFButton.swift; sourceTree = "<group>"; };
		5EE5DF562646E23F001F20CF /* GFTextField.swift */ = {isa = PBXFileReference; lastKnownFileType = sourcecode.swift; path = GFTextField.swift; sourceTree = "<group>"; };
		5EE5DF5826483939001F20CF /* FollowerListVC.swift */ = {isa = PBXFileReference; lastKnownFileType = sourcecode.swift; path = FollowerListVC.swift; sourceTree = "<group>"; };
		5EE5DF5A264974BC001F20CF /* GFTitleLabel.swift */ = {isa = PBXFileReference; lastKnownFileType = sourcecode.swift; path = GFTitleLabel.swift; sourceTree = "<group>"; };
		5EE5DF5C264976E5001F20CF /* GFBodyLabel.swift */ = {isa = PBXFileReference; lastKnownFileType = sourcecode.swift; path = GFBodyLabel.swift; sourceTree = "<group>"; };
		5EE5DF5E26497BA3001F20CF /* GFAlertVC.swift */ = {isa = PBXFileReference; lastKnownFileType = sourcecode.swift; path = GFAlertVC.swift; sourceTree = "<group>"; };
		5EE5DF6026498D0D001F20CF /* UIViewController+Ext.swift */ = {isa = PBXFileReference; lastKnownFileType = sourcecode.swift; path = "UIViewController+Ext.swift"; sourceTree = "<group>"; };
		5EE5DF6626499758001F20CF /* GFAlertContainer.swift */ = {isa = PBXFileReference; lastKnownFileType = sourcecode.swift; path = GFAlertContainer.swift; sourceTree = "<group>"; };
		5EE5DF6926499B78001F20CF /* Follower.swift */ = {isa = PBXFileReference; lastKnownFileType = sourcecode.swift; path = Follower.swift; sourceTree = "<group>"; };
		5EE5DF6B26499BA4001F20CF /* User.swift */ = {isa = PBXFileReference; lastKnownFileType = sourcecode.swift; path = User.swift; sourceTree = "<group>"; };
		5EE5DF6E2649B4B2001F20CF /* NetworkManager.swift */ = {isa = PBXFileReference; lastKnownFileType = sourcecode.swift; path = NetworkManager.swift; sourceTree = "<group>"; };
		5EE5DF71264B3B60001F20CF /* ErrorMessage.swift */ = {isa = PBXFileReference; lastKnownFileType = sourcecode.swift; path = ErrorMessage.swift; sourceTree = "<group>"; };
/* End PBXFileReference section */

/* Begin PBXFrameworksBuildPhase section */
		5EE5DF3626455E00001F20CF /* Frameworks */ = {
			isa = PBXFrameworksBuildPhase;
			buildActionMask = 2147483647;
			files = (
			);
			runOnlyForDeploymentPostprocessing = 0;
		};
/* End PBXFrameworksBuildPhase section */

/* Begin PBXGroup section */
		5EE5DF3026455E00001F20CF = {
			isa = PBXGroup;
			children = (
				5EE5DF3B26455E00001F20CF /* GitHubFollowers */,
				5EE5DF3A26455E00001F20CF /* Products */,
			);
			sourceTree = "<group>";
		};
		5EE5DF3A26455E00001F20CF /* Products */ = {
			isa = PBXGroup;
			children = (
				5EE5DF3926455E00001F20CF /* GitHubFollowers.app */,
			);
			name = Products;
			sourceTree = "<group>";
		};
		5EE5DF3B26455E00001F20CF /* GitHubFollowers */ = {
			isa = PBXGroup;
			children = (
				5EE5DF70264B3B4E001F20CF /* Utilities */,
				5EE5DF6D2649B4A3001F20CF /* Managers */,
				5EE5DF6826499B6C001F20CF /* Model */,
				5EE5DF652649913D001F20CF /* Support */,
				5EE5DF642649912D001F20CF /* Extension */,
				5EE5DF632649910E001F20CF /* Custom Views */,
				5EE5DF62264990F5001F20CF /* Screens */,
				5EE5DF4A26455E02001F20CF /* Info.plist */,
			);
			path = GitHubFollowers;
			sourceTree = "<group>";
		};
		5EE5DF62264990F5001F20CF /* Screens */ = {
			isa = PBXGroup;
			children = (
				5EE5DF5026456A7C001F20CF /* SearchVC.swift */,
				5EE5DF5226456AA1001F20CF /* FavoritesListVC.swift */,
				5EE5DF5826483939001F20CF /* FollowerListVC.swift */,
			);
			path = Screens;
			sourceTree = "<group>";
		};
		5EE5DF632649910E001F20CF /* Custom Views */ = {
			isa = PBXGroup;
			children = (
				5EE5DF542646D21C001F20CF /* GFButton.swift */,
				5EE5DF562646E23F001F20CF /* GFTextField.swift */,
				5EE5DF5A264974BC001F20CF /* GFTitleLabel.swift */,
				5EE5DF5C264976E5001F20CF /* GFBodyLabel.swift */,
				5EE5DF5E26497BA3001F20CF /* GFAlertVC.swift */,
				5EE5DF6626499758001F20CF /* GFAlertContainer.swift */,
			);
			path = "Custom Views";
			sourceTree = "<group>";
		};
		5EE5DF642649912D001F20CF /* Extension */ = {
			isa = PBXGroup;
			children = (
				5EE5DF6026498D0D001F20CF /* UIViewController+Ext.swift */,
			);
			path = Extension;
			sourceTree = "<group>";
		};
		5EE5DF652649913D001F20CF /* Support */ = {
			isa = PBXGroup;
			children = (
				5EE5DF3C26455E00001F20CF /* AppDelegate.swift */,
				5EE5DF3E26455E00001F20CF /* SceneDelegate.swift */,
				5EE5DF4526455E02001F20CF /* Assets.xcassets */,
				5EE5DF4726455E02001F20CF /* LaunchScreen.storyboard */,
			);
			path = Support;
			sourceTree = "<group>";
		};
		5EE5DF6826499B6C001F20CF /* Model */ = {
			isa = PBXGroup;
			children = (
				5EE5DF6926499B78001F20CF /* Follower.swift */,
				5EE5DF6B26499BA4001F20CF /* User.swift */,
			);
			path = Model;
			sourceTree = "<group>";
		};
		5EE5DF6D2649B4A3001F20CF /* Managers */ = {
			isa = PBXGroup;
			children = (
				5EE5DF6E2649B4B2001F20CF /* NetworkManager.swift */,
			);
			path = Managers;
			sourceTree = "<group>";
		};
		5EE5DF70264B3B4E001F20CF /* Utilities */ = {
			isa = PBXGroup;
			children = (
				5EE5DF71264B3B60001F20CF /* ErrorMessage.swift */,
			);
			path = Utilities;
			sourceTree = "<group>";
		};
/* End PBXGroup section */

/* Begin PBXNativeTarget section */
		5EE5DF3826455E00001F20CF /* GitHubFollowers */ = {
			isa = PBXNativeTarget;
			buildConfigurationList = 5EE5DF4D26455E02001F20CF /* Build configuration list for PBXNativeTarget "GitHubFollowers" */;
			buildPhases = (
				5EE5DF3526455E00001F20CF /* Sources */,
				5EE5DF3626455E00001F20CF /* Frameworks */,
				5EE5DF3726455E00001F20CF /* Resources */,
			);
			buildRules = (
			);
			dependencies = (
			);
			name = GitHubFollowers;
			productName = GitHubFollowers;
			productReference = 5EE5DF3926455E00001F20CF /* GitHubFollowers.app */;
			productType = "com.apple.product-type.application";
		};
/* End PBXNativeTarget section */

/* Begin PBXProject section */
		5EE5DF3126455E00001F20CF /* Project object */ = {
			isa = PBXProject;
			attributes = {
				LastSwiftUpdateCheck = 1250;
				LastUpgradeCheck = 1250;
				TargetAttributes = {
					5EE5DF3826455E00001F20CF = {
						CreatedOnToolsVersion = 12.5;
					};
				};
			};
			buildConfigurationList = 5EE5DF3426455E00001F20CF /* Build configuration list for PBXProject "GitHubFollowers" */;
			compatibilityVersion = "Xcode 9.3";
			developmentRegion = en;
			hasScannedForEncodings = 0;
			knownRegions = (
				en,
				Base,
			);
			mainGroup = 5EE5DF3026455E00001F20CF;
			productRefGroup = 5EE5DF3A26455E00001F20CF /* Products */;
			projectDirPath = "";
			projectRoot = "";
			targets = (
				5EE5DF3826455E00001F20CF /* GitHubFollowers */,
			);
		};
/* End PBXProject section */

/* Begin PBXResourcesBuildPhase section */
		5EE5DF3726455E00001F20CF /* Resources */ = {
			isa = PBXResourcesBuildPhase;
			buildActionMask = 2147483647;
			files = (
				5EE5DF4926455E02001F20CF /* LaunchScreen.storyboard in Resources */,
				5EE5DF4626455E02001F20CF /* Assets.xcassets in Resources */,
			);
			runOnlyForDeploymentPostprocessing = 0;
		};
/* End PBXResourcesBuildPhase section */

/* Begin PBXSourcesBuildPhase section */
		5EE5DF3526455E00001F20CF /* Sources */ = {
			isa = PBXSourcesBuildPhase;
			buildActionMask = 2147483647;
			files = (
				5EE5DF572646E23F001F20CF /* GFTextField.swift in Sources */,
				5EE5DF5326456AA1001F20CF /* FavoritesListVC.swift in Sources */,
				5EE5DF552646D21D001F20CF /* GFButton.swift in Sources */,
				5EE5DF6126498D0D001F20CF /* UIViewController+Ext.swift in Sources */,
				5EE5DF5126456A7C001F20CF /* SearchVC.swift in Sources */,
				5EE5DF5F26497BA3001F20CF /* GFAlertVC.swift in Sources */,
				5EE5DF6C26499BA4001F20CF /* User.swift in Sources */,
				5EE5DF5D264976E5001F20CF /* GFBodyLabel.swift in Sources */,
				5EE5DF6A26499B78001F20CF /* Follower.swift in Sources */,
				5EE5DF5B264974BC001F20CF /* GFTitleLabel.swift in Sources */,
				5EE5DF5926483939001F20CF /* FollowerListVC.swift in Sources */,
				5EE5DF6726499758001F20CF /* GFAlertContainer.swift in Sources */,
				5EE5DF72264B3B61001F20CF /* ErrorMessage.swift in Sources */,
				5EE5DF6F2649B4B2001F20CF /* NetworkManager.swift in Sources */,
				5EE5DF3D26455E00001F20CF /* AppDelegate.swift in Sources */,
				5EE5DF3F26455E00001F20CF /* SceneDelegate.swift in Sources */,
			);
			runOnlyForDeploymentPostprocessing = 0;
		};
/* End PBXSourcesBuildPhase section */

/* Begin PBXVariantGroup section */
		5EE5DF4726455E02001F20CF /* LaunchScreen.storyboard */ = {
			isa = PBXVariantGroup;
			children = (
				5EE5DF4826455E02001F20CF /* Base */,
			);
			name = LaunchScreen.storyboard;
			sourceTree = "<group>";
		};
/* End PBXVariantGroup section */

/* Begin XCBuildConfiguration section */
		5EE5DF4B26455E02001F20CF /* Debug */ = {
			isa = XCBuildConfiguration;
			buildSettings = {
				ALWAYS_SEARCH_USER_PATHS = NO;
				CLANG_ANALYZER_NONNULL = YES;
				CLANG_ANALYZER_NUMBER_OBJECT_CONVERSION = YES_AGGRESSIVE;
				CLANG_CXX_LANGUAGE_STANDARD = "gnu++14";
				CLANG_CXX_LIBRARY = "libc++";
				CLANG_ENABLE_MODULES = YES;
				CLANG_ENABLE_OBJC_ARC = YES;
				CLANG_ENABLE_OBJC_WEAK = YES;
				CLANG_WARN_BLOCK_CAPTURE_AUTORELEASING = YES;
				CLANG_WARN_BOOL_CONVERSION = YES;
				CLANG_WARN_COMMA = YES;
				CLANG_WARN_CONSTANT_CONVERSION = YES;
				CLANG_WARN_DEPRECATED_OBJC_IMPLEMENTATIONS = YES;
				CLANG_WARN_DIRECT_OBJC_ISA_USAGE = YES_ERROR;
				CLANG_WARN_DOCUMENTATION_COMMENTS = YES;
				CLANG_WARN_EMPTY_BODY = YES;
				CLANG_WARN_ENUM_CONVERSION = YES;
				CLANG_WARN_INFINITE_RECURSION = YES;
				CLANG_WARN_INT_CONVERSION = YES;
				CLANG_WARN_NON_LITERAL_NULL_CONVERSION = YES;
				CLANG_WARN_OBJC_IMPLICIT_RETAIN_SELF = YES;
				CLANG_WARN_OBJC_LITERAL_CONVERSION = YES;
				CLANG_WARN_OBJC_ROOT_CLASS = YES_ERROR;
				CLANG_WARN_QUOTED_INCLUDE_IN_FRAMEWORK_HEADER = YES;
				CLANG_WARN_RANGE_LOOP_ANALYSIS = YES;
				CLANG_WARN_STRICT_PROTOTYPES = YES;
				CLANG_WARN_SUSPICIOUS_MOVE = YES;
				CLANG_WARN_UNGUARDED_AVAILABILITY = YES_AGGRESSIVE;
				CLANG_WARN_UNREACHABLE_CODE = YES;
				CLANG_WARN__DUPLICATE_METHOD_MATCH = YES;
				COPY_PHASE_STRIP = NO;
				DEBUG_INFORMATION_FORMAT = dwarf;
				ENABLE_STRICT_OBJC_MSGSEND = YES;
				ENABLE_TESTABILITY = YES;
				GCC_C_LANGUAGE_STANDARD = gnu11;
				GCC_DYNAMIC_NO_PIC = NO;
				GCC_NO_COMMON_BLOCKS = YES;
				GCC_OPTIMIZATION_LEVEL = 0;
				GCC_PREPROCESSOR_DEFINITIONS = (
					"DEBUG=1",
					"$(inherited)",
				);
				GCC_WARN_64_TO_32_BIT_CONVERSION = YES;
				GCC_WARN_ABOUT_RETURN_TYPE = YES_ERROR;
				GCC_WARN_UNDECLARED_SELECTOR = YES;
				GCC_WARN_UNINITIALIZED_AUTOS = YES_AGGRESSIVE;
				GCC_WARN_UNUSED_FUNCTION = YES;
				GCC_WARN_UNUSED_VARIABLE = YES;
				IPHONEOS_DEPLOYMENT_TARGET = 14.5;
				MTL_ENABLE_DEBUG_INFO = INCLUDE_SOURCE;
				MTL_FAST_MATH = YES;
				ONLY_ACTIVE_ARCH = YES;
				SDKROOT = iphoneos;
				SWIFT_ACTIVE_COMPILATION_CONDITIONS = DEBUG;
				SWIFT_OPTIMIZATION_LEVEL = "-Onone";
			};
			name = Debug;
		};
		5EE5DF4C26455E02001F20CF /* Release */ = {
			isa = XCBuildConfiguration;
			buildSettings = {
				ALWAYS_SEARCH_USER_PATHS = NO;
				CLANG_ANALYZER_NONNULL = YES;
				CLANG_ANALYZER_NUMBER_OBJECT_CONVERSION = YES_AGGRESSIVE;
				CLANG_CXX_LANGUAGE_STANDARD = "gnu++14";
				CLANG_CXX_LIBRARY = "libc++";
				CLANG_ENABLE_MODULES = YES;
				CLANG_ENABLE_OBJC_ARC = YES;
				CLANG_ENABLE_OBJC_WEAK = YES;
				CLANG_WARN_BLOCK_CAPTURE_AUTORELEASING = YES;
				CLANG_WARN_BOOL_CONVERSION = YES;
				CLANG_WARN_COMMA = YES;
				CLANG_WARN_CONSTANT_CONVERSION = YES;
				CLANG_WARN_DEPRECATED_OBJC_IMPLEMENTATIONS = YES;
				CLANG_WARN_DIRECT_OBJC_ISA_USAGE = YES_ERROR;
				CLANG_WARN_DOCUMENTATION_COMMENTS = YES;
				CLANG_WARN_EMPTY_BODY = YES;
				CLANG_WARN_ENUM_CONVERSION = YES;
				CLANG_WARN_INFINITE_RECURSION = YES;
				CLANG_WARN_INT_CONVERSION = YES;
				CLANG_WARN_NON_LITERAL_NULL_CONVERSION = YES;
				CLANG_WARN_OBJC_IMPLICIT_RETAIN_SELF = YES;
				CLANG_WARN_OBJC_LITERAL_CONVERSION = YES;
				CLANG_WARN_OBJC_ROOT_CLASS = YES_ERROR;
				CLANG_WARN_QUOTED_INCLUDE_IN_FRAMEWORK_HEADER = YES;
				CLANG_WARN_RANGE_LOOP_ANALYSIS = YES;
				CLANG_WARN_STRICT_PROTOTYPES = YES;
				CLANG_WARN_SUSPICIOUS_MOVE = YES;
				CLANG_WARN_UNGUARDED_AVAILABILITY = YES_AGGRESSIVE;
				CLANG_WARN_UNREACHABLE_CODE = YES;
				CLANG_WARN__DUPLICATE_METHOD_MATCH = YES;
				COPY_PHASE_STRIP = NO;
				DEBUG_INFORMATION_FORMAT = "dwarf-with-dsym";
				ENABLE_NS_ASSERTIONS = NO;
				ENABLE_STRICT_OBJC_MSGSEND = YES;
				GCC_C_LANGUAGE_STANDARD = gnu11;
				GCC_NO_COMMON_BLOCKS = YES;
				GCC_WARN_64_TO_32_BIT_CONVERSION = YES;
				GCC_WARN_ABOUT_RETURN_TYPE = YES_ERROR;
				GCC_WARN_UNDECLARED_SELECTOR = YES;
				GCC_WARN_UNINITIALIZED_AUTOS = YES_AGGRESSIVE;
				GCC_WARN_UNUSED_FUNCTION = YES;
				GCC_WARN_UNUSED_VARIABLE = YES;
				IPHONEOS_DEPLOYMENT_TARGET = 14.5;
				MTL_ENABLE_DEBUG_INFO = NO;
				MTL_FAST_MATH = YES;
				SDKROOT = iphoneos;
				SWIFT_COMPILATION_MODE = wholemodule;
				SWIFT_OPTIMIZATION_LEVEL = "-O";
				VALIDATE_PRODUCT = YES;
			};
			name = Release;
		};
		5EE5DF4E26455E02001F20CF /* Debug */ = {
			isa = XCBuildConfiguration;
			buildSettings = {
				ASSETCATALOG_COMPILER_APPICON_NAME = AppIcon;
				ASSETCATALOG_COMPILER_GLOBAL_ACCENT_COLOR_NAME = AccentColor;
				CODE_SIGN_STYLE = Automatic;
				DEVELOPMENT_TEAM = 3Q2J9HXP73;
				INFOPLIST_FILE = GitHubFollowers/Info.plist;
				LD_RUNPATH_SEARCH_PATHS = (
					"$(inherited)",
					"@executable_path/Frameworks",
				);
				PRODUCT_BUNDLE_IDENTIFIER = com.gokberkkoksoy.GitHubFollowers;
				PRODUCT_NAME = "$(TARGET_NAME)";
				SWIFT_VERSION = 5.0;
				TARGETED_DEVICE_FAMILY = 1;
			};
			name = Debug;
		};
		5EE5DF4F26455E02001F20CF /* Release */ = {
			isa = XCBuildConfiguration;
			buildSettings = {
				ASSETCATALOG_COMPILER_APPICON_NAME = AppIcon;
				ASSETCATALOG_COMPILER_GLOBAL_ACCENT_COLOR_NAME = AccentColor;
				CODE_SIGN_STYLE = Automatic;
				DEVELOPMENT_TEAM = 3Q2J9HXP73;
				INFOPLIST_FILE = GitHubFollowers/Info.plist;
				LD_RUNPATH_SEARCH_PATHS = (
					"$(inherited)",
					"@executable_path/Frameworks",
				);
				PRODUCT_BUNDLE_IDENTIFIER = com.gokberkkoksoy.GitHubFollowers;
				PRODUCT_NAME = "$(TARGET_NAME)";
				SWIFT_VERSION = 5.0;
				TARGETED_DEVICE_FAMILY = 1;
			};
			name = Release;
		};
/* End XCBuildConfiguration section */

/* Begin XCConfigurationList section */
		5EE5DF3426455E00001F20CF /* Build configuration list for PBXProject "GitHubFollowers" */ = {
			isa = XCConfigurationList;
			buildConfigurations = (
				5EE5DF4B26455E02001F20CF /* Debug */,
				5EE5DF4C26455E02001F20CF /* Release */,
			);
			defaultConfigurationIsVisible = 0;
			defaultConfigurationName = Release;
		};
		5EE5DF4D26455E02001F20CF /* Build configuration list for PBXNativeTarget "GitHubFollowers" */ = {
			isa = XCConfigurationList;
			buildConfigurations = (
				5EE5DF4E26455E02001F20CF /* Debug */,
				5EE5DF4F26455E02001F20CF /* Release */,
			);
			defaultConfigurationIsVisible = 0;
			defaultConfigurationName = Release;
		};
/* End XCConfigurationList section */
	};
	rootObject = 5EE5DF3126455E00001F20CF /* Project object */;
}
